
Microsoft Visual Studio Solution File, Format Version 12.00
# Visual Studio 15
VisualStudioVersion = 15.0.28307.168
MinimumVisualStudioVersion = 10.0.40219.1
Project("{2150E333-8FDC-42A3-9474-1A3956D46DE8}") = "ADOSample", "ADOSample", "{AA66FE5B-ADF5-4027-8B07-F840E80A7B31}"
EndProject
Project("{FAE04EC0-301F-11D3-BF4B-00C04F79EFBC}") = "Cede_Dotnet_WebApi.ADOSample", "Cede_Dotnet_WebApi.ADOSample\Cede_Dotnet_WebApi.ADOSample.csproj", "{A34318EC-3ED2-4801-A879-F8818AEB8111}"
EndProject
Project("{FAE04EC0-301F-11D3-BF4B-00C04F79EFBC}") = "Cede_Dotnet_WebApi.ADOSample.Models", "Cede_Dotnet_WebApi.ADOSample.Models\Cede_Dotnet_WebApi.ADOSample.Models.csproj", "{F37EAC0D-F7BC-4E63-A8B4-402B00397805}"
EndProject
Project("{FAE04EC0-301F-11D3-BF4B-00C04F79EFBC}") = "Cede_Dotnet_WebApi.ADOSample.App", "Cede_Dotnet_WebApi.ADOSample.App\Cede_Dotnet_WebApi.ADOSample.App.csproj", "{C0B6DC20-258C-4244-849A-2E157428B006}"
EndProject
Project("{FAE04EC0-301F-11D3-BF4B-00C04F79EFBC}") = "Cede_Dotnet_WebApi.EF", "Cede_Dotnet_WebApi.EF\Cede_Dotnet_WebApi.EF.csproj", "{4209840B-843E-4B07-A2C2-E76C817A671B}"
EndProject
Global
	GlobalSection(SolutionConfigurationPlatforms) = preSolution
		Debug|Any CPU = Debug|Any CPU
		Release|Any CPU = Release|Any CPU
	EndGlobalSection
	GlobalSection(ProjectConfigurationPlatforms) = postSolution
		{A34318EC-3ED2-4801-A879-F8818AEB8111}.Debug|Any CPU.ActiveCfg = Debug|Any CPU
		{A34318EC-3ED2-4801-A879-F8818AEB8111}.Debug|Any CPU.Build.0 = Debug|Any CPU
		{A34318EC-3ED2-4801-A879-F8818AEB8111}.Release|Any CPU.ActiveCfg = Release|Any CPU
		{A34318EC-3ED2-4801-A879-F8818AEB8111}.Release|Any CPU.Build.0 = Release|Any CPU
		{F37EAC0D-F7BC-4E63-A8B4-402B00397805}.Debug|Any CPU.ActiveCfg = Debug|Any CPU
		{F37EAC0D-F7BC-4E63-A8B4-402B00397805}.Debug|Any CPU.Build.0 = Debug|Any CPU
		{F37EAC0D-F7BC-4E63-A8B4-402B00397805}.Release|Any CPU.ActiveCfg = Release|Any CPU
		{F37EAC0D-F7BC-4E63-A8B4-402B00397805}.Release|Any CPU.Build.0 = Release|Any CPU
		{C0B6DC20-258C-4244-849A-2E157428B006}.Debug|Any CPU.ActiveCfg = Debug|Any CPU
		{C0B6DC20-258C-4244-849A-2E157428B006}.Debug|Any CPU.Build.0 = Debug|Any CPU
		{C0B6DC20-258C-4244-849A-2E157428B006}.Release|Any CPU.ActiveCfg = Release|Any CPU
		{C0B6DC20-258C-4244-849A-2E157428B006}.Release|Any CPU.Build.0 = Release|Any CPU
		{4209840B-843E-4B07-A2C2-E76C817A671B}.Debug|Any CPU.ActiveCfg = Debug|Any CPU
		{4209840B-843E-4B07-A2C2-E76C817A671B}.Debug|Any CPU.Build.0 = Debug|Any CPU
		{4209840B-843E-4B07-A2C2-E76C817A671B}.Release|Any CPU.ActiveCfg = Release|Any CPU
		{4209840B-843E-4B07-A2C2-E76C817A671B}.Release|Any CPU.Build.0 = Release|Any CPU
	EndGlobalSection
	GlobalSection(SolutionProperties) = preSolution
		HideSolutionNode = FALSE
	EndGlobalSection
	GlobalSection(NestedProjects) = preSolution
		{A34318EC-3ED2-4801-A879-F8818AEB8111} = {AA66FE5B-ADF5-4027-8B07-F840E80A7B31}
		{F37EAC0D-F7BC-4E63-A8B4-402B00397805} = {AA66FE5B-ADF5-4027-8B07-F840E80A7B31}
		{C0B6DC20-258C-4244-849A-2E157428B006} = {AA66FE5B-ADF5-4027-8B07-F840E80A7B31}
		{4209840B-843E-4B07-A2C2-E76C817A671B} = {AA66FE5B-ADF5-4027-8B07-F840E80A7B31}
	EndGlobalSection
	GlobalSection(ExtensibilityGlobals) = postSolution
		SolutionGuid = {6FEA72D9-7CB6-45A4-9BA3-C25C539C8697}
	EndGlobalSection
EndGlobal
